{
  "nodes": {
    "nixpkgs": {
      "locked": {
        "lastModified": 1676110339,
        "narHash": "sha256-kOS/L8OOL2odpCOM11IevfHxcUeE0vnZUQ74EOiwXcs=",
        "owner": "NixOS",
        "repo": "nixpkgs",
        "rev": "e5530aba13caff5a4f41713f1265b754dc2abfd8",
        "type": "github"
      },
      "original": {
        "owner": "NixOS",
        "ref": "nixos-unstable",
        "repo": "nixpkgs",
        "type": "github"
      }
    },
    "pnpm2nix": {
      "flake": false,
      "locked": {
        "lastModified": 1672751784,
        "narHash": "sha256-0h4lB65h9/VFLVITdpJMqkRw30IJZw9VfYmjRD1gZH0=",
        "owner": "jpetrucciani",
        "repo": "pnpm2nix",
        "rev": "39f0ba20ddf726576c2881eb6f753dd9a57c1f18",
        "type": "github"
      },
      "original": {
        "owner": "jpetrucciani",
        "repo": "pnpm2nix",
        "type": "github"
      }
    },
    "root": {
      "inputs": {
        "nixpkgs": "nixpkgs",
        "pnpm2nix": "pnpm2nix"
      }
    }
  },
  "root": "root",
  "version": 7
}
